
Microsoft Visual Studio Solution File, Format Version 12.00
# Visual Studio Version 17
VisualStudioVersion = 17.0.32126.317
MinimumVisualStudioVersion = 10.0.40219.1
Project("{FAE04EC0-301F-11D3-BF4B-00C04F79EFBC}") = "Task1", "Task1\Task1.csproj", "{FFD53F5F-A7BB-4B8F-B88E-4853ED8E7CA5}"
EndProject
Project("{FAE04EC0-301F-11D3-BF4B-00C04F79EFBC}") = "Lesson", "Lesson\Lesson.csproj", "{F0CF541F-96E8-4E5D-907C-1339989D0D13}"
EndProject
Project("{FAE04EC0-301F-11D3-BF4B-00C04F79EFBC}") = "ClassLibrary", "ClassLibrary\ClassLibrary.csproj", "{56600658-4D9E-49DE-AEBA-75D96E034482}"
EndProject
Global
	GlobalSection(SolutionConfigurationPlatforms) = preSolution
		Debug|Any CPU = Debug|Any CPU
		Release|Any CPU = Release|Any CPU
	EndGlobalSection
	GlobalSection(ProjectConfigurationPlatforms) = postSolution
		{FFD53F5F-A7BB-4B8F-B88E-4853ED8E7CA5}.Debug|Any CPU.ActiveCfg = Debug|Any CPU
		{FFD53F5F-A7BB-4B8F-B88E-4853ED8E7CA5}.Debug|Any CPU.Build.0 = Debug|Any CPU
		{FFD53F5F-A7BB-4B8F-B88E-4853ED8E7CA5}.Release|Any CPU.ActiveCfg = Release|Any CPU
		{FFD53F5F-A7BB-4B8F-B88E-4853ED8E7CA5}.Release|Any CPU.Build.0 = Release|Any CPU
		{F0CF541F-96E8-4E5D-907C-1339989D0D13}.Debug|Any CPU.ActiveCfg = Debug|Any CPU
		{F0CF541F-96E8-4E5D-907C-1339989D0D13}.Debug|Any CPU.Build.0 = Debug|Any CPU
		{F0CF541F-96E8-4E5D-907C-1339989D0D13}.Release|Any CPU.ActiveCfg = Release|Any CPU
		{F0CF541F-96E8-4E5D-907C-1339989D0D13}.Release|Any CPU.Build.0 = Release|Any CPU
		{56600658-4D9E-49DE-AEBA-75D96E034482}.Debug|Any CPU.ActiveCfg = Debug|Any CPU
		{56600658-4D9E-49DE-AEBA-75D96E034482}.Debug|Any CPU.Build.0 = Debug|Any CPU
		{56600658-4D9E-49DE-AEBA-75D96E034482}.Release|Any CPU.ActiveCfg = Release|Any CPU
		{56600658-4D9E-49DE-AEBA-75D96E034482}.Release|Any CPU.Build.0 = Release|Any CPU
	EndGlobalSection
	GlobalSection(SolutionProperties) = preSolution
		HideSolutionNode = FALSE
	EndGlobalSection
	GlobalSection(ExtensibilityGlobals) = postSolution
		SolutionGuid = {4231B0B9-00A9-4CF8-A3E4-3587BD9E7509}
	EndGlobalSection
EndGlobal
